{
  "lockfile_version": "1",
  "packages": {
    "bun@1.0.17": {
      "last_modified": "2023-12-13T22:54:10Z",
      "resolved": "github:NixOS/nixpkgs/fd04bea4cbf76f86f244b9e2549fca066db8ddff#bun",
      "source": "devbox-search",
      "version": "1.0.17",
      "systems": {
        "aarch64-darwin": {
          "store_path": "/nix/store/rjqs1jkzvl9kzsdsdcrhyzvq08pmkd95-bun-1.0.17"
        },
        "aarch64-linux": {
          "store_path": "/nix/store/cqndj4gqys87alw1fy98j06gjjplcgh7-bun-1.0.17"
        },
        "x86_64-darwin": {
          "store_path": "/nix/store/2vv40cmz6afciz5ddydz32s9kp7skq4c-bun-1.0.17"
        },
        "x86_64-linux": {
          "store_path": "/nix/store/cjj43s3c17q2i1ncs4yynlwp0qrm8mf9-bun-1.0.17"
        }
      }
    },
    "nodejs@20": {
      "last_modified": "2023-11-24T11:02:37Z",
      "resolved": "github:NixOS/nixpkgs/068bacb9b6fbee6a603d1b1f68d7cf032c4feed1#nodejs_20",
      "source": "devbox-search",
      "version": "20.10.0",
      "systems": {
        "aarch64-darwin": {
          "store_path": "/nix/store/ya9wfsimhw3sjp7inn6kkn934i440kb8-nodejs-20.10.0"
        },
        "aarch64-linux": {
          "store_path": "/nix/store/ryc5g0vdg8d3mm0ssawj27lqn5x238ji-nodejs-20.10.0"
        },
        "x86_64-darwin": {
          "store_path": "/nix/store/f49j6rczz3adfh8n8fmh8zfxhyh17ljv-nodejs-20.10.0"
        },
        "x86_64-linux": {
          "store_path": "/nix/store/mih3j0yxng0xsad55787jqfbyi53rp0j-nodejs-20.10.0"
        }
      }
    }
  }
}
