{
  "lockfile_version": "1",
  "packages": {
    "bun@1.1.7": {
      "last_modified": "2024-05-06T15:07:38Z",
      "resolved": "github:NixOS/nixpkgs/860e65d27036476edfb85dd847d982277880b143#bun",
      "source": "devbox-search",
      "version": "1.1.7",
      "systems": {
        "aarch64-darwin": {
          "outputs": [
            {
              "name": "out",
              "path": "/nix/store/vfpigpzi2jdkz8p03s0vs3p9pymr9c6v-bun-1.1.7",
              "default": true
            }
          ],
          "store_path": "/nix/store/vfpigpzi2jdkz8p03s0vs3p9pymr9c6v-bun-1.1.7"
        },
        "aarch64-linux": {
          "outputs": [
            {
              "name": "out",
              "path": "/nix/store/z0jyl5rcc2cx64irbk251m4h40yxrzlk-bun-1.1.7",
              "default": true
            }
          ],
          "store_path": "/nix/store/z0jyl5rcc2cx64irbk251m4h40yxrzlk-bun-1.1.7"
        },
        "x86_64-darwin": {
          "outputs": [
            {
              "name": "out",
              "path": "/nix/store/65q182wjybwnwlsb2shn1vba0zi8zy08-bun-1.1.7",
              "default": true
            }
          ],
          "store_path": "/nix/store/65q182wjybwnwlsb2shn1vba0zi8zy08-bun-1.1.7"
        },
        "x86_64-linux": {
          "outputs": [
            {
              "name": "out",
              "path": "/nix/store/5j5q992jln9izqwbmgcnfvfadi55w385-bun-1.1.7",
              "default": true
            }
          ],
          "store_path": "/nix/store/5j5q992jln9izqwbmgcnfvfadi55w385-bun-1.1.7"
        }
      }
    },
    "nodejs@20": {
      "last_modified": "2023-11-24T11:02:37Z",
      "plugin_version": "0.0.2",
      "resolved": "github:NixOS/nixpkgs/068bacb9b6fbee6a603d1b1f68d7cf032c4feed1#nodejs_20",
      "source": "devbox-search",
      "version": "20.10.0",
      "systems": {
        "aarch64-darwin": {
          "store_path": "/nix/store/ya9wfsimhw3sjp7inn6kkn934i440kb8-nodejs-20.10.0"
        },
        "aarch64-linux": {
          "store_path": "/nix/store/ryc5g0vdg8d3mm0ssawj27lqn5x238ji-nodejs-20.10.0"
        },
        "x86_64-darwin": {
          "store_path": "/nix/store/f49j6rczz3adfh8n8fmh8zfxhyh17ljv-nodejs-20.10.0"
        },
        "x86_64-linux": {
          "store_path": "/nix/store/mih3j0yxng0xsad55787jqfbyi53rp0j-nodejs-20.10.0"
        }
      }
    }
  }
}
